<Solution>
  <Folder Name="/apps/" />
  <Folder Name="/apps/NemotronSpeech/">
    <Project Path="apps/NemotronSpeech/src/NemotronSpeech/NemotronSpeech.csproj" />
  </Folder>
  <Folder Name="/apps/VoiceType.WinUI/">
    <Project Path="apps/VoiceType.WinUI/src/VoiceType.WinUI/VoiceType.WinUI.csproj" />
  </Folder>
  <!--
    VoiceType.Uno lives under apps/VoiceType.Uno/src with its own VoiceType.Uno.sln
    and global.json (Uno.Sdk resolution requires the local global.json).
    Build it separately: dotnet build apps/VoiceType.Uno/src/VoiceType.Uno.sln -p:GpuArch=CPU
  -->
  <Folder Name="/apps/VoiceType.Uno/" />
  <Folder Name="/build/">
    <Project Path="build/AudioConvertProbe/AudioConvertProbe.csproj" />
  </Folder>
  <Folder Name="/libraries/">
    <Project Path="libraries/VoiceType.Hotkeys/VoiceType.Hotkeys.csproj" />
  </Folder>
  <Folder Name="/libraries/SpeechLib/">
    <Project Path="libraries/SpeechLib/src/SpeechLib/SpeechLib.csproj" />
    <Project Path="libraries/SpeechLib/src/SpeechLib.Audio.NAudio2/SpeechLib.Audio.NAudio2.csproj" />
    <Project Path="libraries/SpeechLib/src/SpeechLib.Audio.NAudio3/SpeechLib.Audio.NAudio3.csproj" />
    <Project Path="libraries/SpeechLib/src/SpeechLib.Nemotron/SpeechLib.Nemotron.csproj" />
    <Project Path="libraries/SpeechLib/src/SpeechLib.ParakeetTdt/SpeechLib.ParakeetTdt.csproj" />
    <Project Path="libraries/SpeechLib/src/SpeechLib.ModelDownload/SpeechLib.ModelDownload.csproj" />
    <Project Path="libraries/SpeechLib/src/SpeechLib.LiteRT/SpeechLib.LiteRT.csproj" />
    <Project Path="libraries/SpeechLib/src/SpeechLib.LiteRT.Native/SpeechLib.LiteRT.Native.csproj" />
  </Folder>
  <Folder Name="/libraries/SpeechLib/src/">
    <Project Path="libraries/SpeechLib/src/SpeechLib.ModelDownload/SpeechLib.ModelDownload.csproj" />
  </Folder>
  <Folder Name="/libraries/SpeechLib/tests/">
    <Project Path="libraries/SpeechLib/tests/SpeechLib.ModelDownload.Tests/SpeechLib.ModelDownload.Tests.csproj" />
  </Folder>
  <Folder Name="/tools/">
    <Project Path="tools/BenchmarkSuite1/BenchmarkSuite1.csproj" />
    <Project Path="tools/TmpInspect/TmpInspect.csproj" />
  </Folder>
</Solution>
